
Microsoft Visual Studio Solution File, Format Version 12.00
# Visual Studio Version 17
VisualStudioVersion = 17.1.32210.238
MinimumVisualStudioVersion = 10.0.40219.1
Project("{2150E333-8FDC-42A3-9474-1A3956D46DE8}") = "Solution Items", "Solution Items", "{8559AC0D-9443-4CF6-A376-B72664B2DC0B}"
	ProjectSection(SolutionItems) = preProject
		Readme.txt = Readme.txt
	EndProjectSection
EndProject
Project("{FAE04EC0-301F-11D3-BF4B-00C04F79EFBC}") = "SeaDrop", "SeaDrop\SeaDrop.csproj", "{CC36AFC2-4DAA-44BE-9121-656D642C0E3A}"
EndProject
Project("{FAE04EC0-301F-11D3-BF4B-00C04F79EFBC}") = "Tunebeat", "Tunebeat\Tunebeat.csproj", "{2C8B83FC-2B34-43C4-95F2-68374A7B59E4}"
EndProject
Project("{FAE04EC0-301F-11D3-BF4B-00C04F79EFBC}") = "TJAParse", "TJAParse\TJAParse.csproj", "{DDCEC7FC-EA71-46C5-B4C1-7E4C02529CB8}"
EndProject
Project("{FAE04EC0-301F-11D3-BF4B-00C04F79EFBC}") = "BMSParse", "BMSParse\BMSParse.csproj", "{0AB67FDF-770E-4F42-9117-447F18E159F6}"
EndProject
Global
	GlobalSection(SolutionConfigurationPlatforms) = preSolution
		Debug|Any CPU = Debug|Any CPU
		Debug|x64 = Debug|x64
		Debug|x86 = Debug|x86
		Release|Any CPU = Release|Any CPU
		Release|x64 = Release|x64
		Release|x86 = Release|x86
	EndGlobalSection
	GlobalSection(ProjectConfigurationPlatforms) = postSolution
		{CC36AFC2-4DAA-44BE-9121-656D642C0E3A}.Debug|Any CPU.ActiveCfg = Debug|Any CPU
		{CC36AFC2-4DAA-44BE-9121-656D642C0E3A}.Debug|Any CPU.Build.0 = Debug|Any CPU
		{CC36AFC2-4DAA-44BE-9121-656D642C0E3A}.Debug|x64.ActiveCfg = Debug|x64
		{CC36AFC2-4DAA-44BE-9121-656D642C0E3A}.Debug|x64.Build.0 = Debug|x64
		{CC36AFC2-4DAA-44BE-9121-656D642C0E3A}.Debug|x86.ActiveCfg = Debug|Any CPU
		{CC36AFC2-4DAA-44BE-9121-656D642C0E3A}.Debug|x86.Build.0 = Debug|Any CPU
		{CC36AFC2-4DAA-44BE-9121-656D642C0E3A}.Release|Any CPU.ActiveCfg = Release|Any CPU
		{CC36AFC2-4DAA-44BE-9121-656D642C0E3A}.Release|Any CPU.Build.0 = Release|Any CPU
		{CC36AFC2-4DAA-44BE-9121-656D642C0E3A}.Release|x64.ActiveCfg = Release|x64
		{CC36AFC2-4DAA-44BE-9121-656D642C0E3A}.Release|x64.Build.0 = Release|x64
		{CC36AFC2-4DAA-44BE-9121-656D642C0E3A}.Release|x86.ActiveCfg = Release|Any CPU
		{CC36AFC2-4DAA-44BE-9121-656D642C0E3A}.Release|x86.Build.0 = Release|Any CPU
		{2C8B83FC-2B34-43C4-95F2-68374A7B59E4}.Debug|Any CPU.ActiveCfg = Debug|Any CPU
		{2C8B83FC-2B34-43C4-95F2-68374A7B59E4}.Debug|Any CPU.Build.0 = Debug|Any CPU
		{2C8B83FC-2B34-43C4-95F2-68374A7B59E4}.Debug|x64.ActiveCfg = Debug|Any CPU
		{2C8B83FC-2B34-43C4-95F2-68374A7B59E4}.Debug|x64.Build.0 = Debug|Any CPU
		{2C8B83FC-2B34-43C4-95F2-68374A7B59E4}.Debug|x86.ActiveCfg = Debug|Any CPU
		{2C8B83FC-2B34-43C4-95F2-68374A7B59E4}.Debug|x86.Build.0 = Debug|Any CPU
		{2C8B83FC-2B34-43C4-95F2-68374A7B59E4}.Release|Any CPU.ActiveCfg = Release|Any CPU
		{2C8B83FC-2B34-43C4-95F2-68374A7B59E4}.Release|Any CPU.Build.0 = Release|Any CPU
		{2C8B83FC-2B34-43C4-95F2-68374A7B59E4}.Release|x64.ActiveCfg = Release|Any CPU
		{2C8B83FC-2B34-43C4-95F2-68374A7B59E4}.Release|x64.Build.0 = Release|Any CPU
		{2C8B83FC-2B34-43C4-95F2-68374A7B59E4}.Release|x86.ActiveCfg = Release|Any CPU
		{2C8B83FC-2B34-43C4-95F2-68374A7B59E4}.Release|x86.Build.0 = Release|Any CPU
		{DDCEC7FC-EA71-46C5-B4C1-7E4C02529CB8}.Debug|Any CPU.ActiveCfg = Debug|Any CPU
		{DDCEC7FC-EA71-46C5-B4C1-7E4C02529CB8}.Debug|Any CPU.Build.0 = Debug|Any CPU
		{DDCEC7FC-EA71-46C5-B4C1-7E4C02529CB8}.Debug|x64.ActiveCfg = Debug|Any CPU
		{DDCEC7FC-EA71-46C5-B4C1-7E4C02529CB8}.Debug|x64.Build.0 = Debug|Any CPU
		{DDCEC7FC-EA71-46C5-B4C1-7E4C02529CB8}.Debug|x86.ActiveCfg = Debug|Any CPU
		{DDCEC7FC-EA71-46C5-B4C1-7E4C02529CB8}.Debug|x86.Build.0 = Debug|Any CPU
		{DDCEC7FC-EA71-46C5-B4C1-7E4C02529CB8}.Release|Any CPU.ActiveCfg = Release|Any CPU
		{DDCEC7FC-EA71-46C5-B4C1-7E4C02529CB8}.Release|Any CPU.Build.0 = Release|Any CPU
		{DDCEC7FC-EA71-46C5-B4C1-7E4C02529CB8}.Release|x64.ActiveCfg = Release|Any CPU
		{DDCEC7FC-EA71-46C5-B4C1-7E4C02529CB8}.Release|x64.Build.0 = Release|Any CPU
		{DDCEC7FC-EA71-46C5-B4C1-7E4C02529CB8}.Release|x86.ActiveCfg = Release|Any CPU
		{DDCEC7FC-EA71-46C5-B4C1-7E4C02529CB8}.Release|x86.Build.0 = Release|Any CPU
		{0AB67FDF-770E-4F42-9117-447F18E159F6}.Debug|Any CPU.ActiveCfg = Debug|Any CPU
		{0AB67FDF-770E-4F42-9117-447F18E159F6}.Debug|Any CPU.Build.0 = Debug|Any CPU
		{0AB67FDF-770E-4F42-9117-447F18E159F6}.Debug|x64.ActiveCfg = Debug|Any CPU
		{0AB67FDF-770E-4F42-9117-447F18E159F6}.Debug|x64.Build.0 = Debug|Any CPU
		{0AB67FDF-770E-4F42-9117-447F18E159F6}.Debug|x86.ActiveCfg = Debug|Any CPU
		{0AB67FDF-770E-4F42-9117-447F18E159F6}.Debug|x86.Build.0 = Debug|Any CPU
		{0AB67FDF-770E-4F42-9117-447F18E159F6}.Release|Any CPU.ActiveCfg = Release|Any CPU
		{0AB67FDF-770E-4F42-9117-447F18E159F6}.Release|Any CPU.Build.0 = Release|Any CPU
		{0AB67FDF-770E-4F42-9117-447F18E159F6}.Release|x64.ActiveCfg = Release|Any CPU
		{0AB67FDF-770E-4F42-9117-447F18E159F6}.Release|x64.Build.0 = Release|Any CPU
		{0AB67FDF-770E-4F42-9117-447F18E159F6}.Release|x86.ActiveCfg = Release|Any CPU
		{0AB67FDF-770E-4F42-9117-447F18E159F6}.Release|x86.Build.0 = Release|Any CPU
	EndGlobalSection
	GlobalSection(SolutionProperties) = preSolution
		HideSolutionNode = FALSE
	EndGlobalSection
	GlobalSection(ExtensibilityGlobals) = postSolution
		SolutionGuid = {20D6B8F0-EEEF-4E88-BC6A-DC1FF10E5AEA}
	EndGlobalSection
	GlobalSection(Performance) = preSolution
		HasPerformanceSessions = true
	EndGlobalSection
	GlobalSection(Performance) = preSolution
		HasPerformanceSessions = true
	EndGlobalSection
EndGlobal
