
Microsoft Visual Studio Solution File, Format Version 12.00
# Visual Studio Version 16
VisualStudioVersion = 16.0.30804.86
MinimumVisualStudioVersion = 10.0.40219.1
Project("{2150E333-8FDC-42A3-9474-1A3956D46DE8}") = "Solution Items", "Solution Items", "{8559AC0D-9443-4CF6-A376-B72664B2DC0B}"
	ProjectSection(SolutionItems) = preProject
		Readme.txt = Readme.txt
	EndProjectSection
EndProject
Project("{FAE04EC0-301F-11D3-BF4B-00C04F79EFBC}") = "Amaoto", "Amaoto\Amaoto.csproj", "{595495D3-6046-45F5-B486-B1161605FE6E}"
EndProject
Project("{FAE04EC0-301F-11D3-BF4B-00C04F79EFBC}") = "Tunebeat", "Tunebeat\Tunebeat.csproj", "{2C8B83FC-2B34-43C4-95F2-68374A7B59E4}"
EndProject
Project("{FAE04EC0-301F-11D3-BF4B-00C04F79EFBC}") = "TJAParse", "TJAParse\TJAParse.csproj", "{DDCEC7FC-EA71-46C5-B4C1-7E4C02529CB8}"
EndProject
Global
	GlobalSection(SolutionConfigurationPlatforms) = preSolution
		Debug|Any CPU = Debug|Any CPU
		Debug|x64 = Debug|x64
		Debug|x86 = Debug|x86
		Release|Any CPU = Release|Any CPU
		Release|x64 = Release|x64
		Release|x86 = Release|x86
	EndGlobalSection
	GlobalSection(ProjectConfigurationPlatforms) = postSolution
		{595495D3-6046-45F5-B486-B1161605FE6E}.Debug|Any CPU.ActiveCfg = Debug|Any CPU
		{595495D3-6046-45F5-B486-B1161605FE6E}.Debug|Any CPU.Build.0 = Debug|Any CPU
		{595495D3-6046-45F5-B486-B1161605FE6E}.Debug|x64.ActiveCfg = Debug|x64
		{595495D3-6046-45F5-B486-B1161605FE6E}.Debug|x64.Build.0 = Debug|x64
		{595495D3-6046-45F5-B486-B1161605FE6E}.Debug|x86.ActiveCfg = Debug|Any CPU
		{595495D3-6046-45F5-B486-B1161605FE6E}.Debug|x86.Build.0 = Debug|Any CPU
		{595495D3-6046-45F5-B486-B1161605FE6E}.Release|Any CPU.ActiveCfg = Release|Any CPU
		{595495D3-6046-45F5-B486-B1161605FE6E}.Release|Any CPU.Build.0 = Release|Any CPU
		{595495D3-6046-45F5-B486-B1161605FE6E}.Release|x64.ActiveCfg = Release|x64
		{595495D3-6046-45F5-B486-B1161605FE6E}.Release|x64.Build.0 = Release|x64
		{595495D3-6046-45F5-B486-B1161605FE6E}.Release|x86.ActiveCfg = Release|Any CPU
		{595495D3-6046-45F5-B486-B1161605FE6E}.Release|x86.Build.0 = Release|Any CPU
		{2C8B83FC-2B34-43C4-95F2-68374A7B59E4}.Debug|Any CPU.ActiveCfg = Debug|Any CPU
		{2C8B83FC-2B34-43C4-95F2-68374A7B59E4}.Debug|Any CPU.Build.0 = Debug|Any CPU
		{2C8B83FC-2B34-43C4-95F2-68374A7B59E4}.Debug|x64.ActiveCfg = Debug|Any CPU
		{2C8B83FC-2B34-43C4-95F2-68374A7B59E4}.Debug|x64.Build.0 = Debug|Any CPU
		{2C8B83FC-2B34-43C4-95F2-68374A7B59E4}.Debug|x86.ActiveCfg = Debug|Any CPU
		{2C8B83FC-2B34-43C4-95F2-68374A7B59E4}.Debug|x86.Build.0 = Debug|Any CPU
		{2C8B83FC-2B34-43C4-95F2-68374A7B59E4}.Release|Any CPU.ActiveCfg = Release|Any CPU
		{2C8B83FC-2B34-43C4-95F2-68374A7B59E4}.Release|Any CPU.Build.0 = Release|Any CPU
		{2C8B83FC-2B34-43C4-95F2-68374A7B59E4}.Release|x64.ActiveCfg = Release|Any CPU
		{2C8B83FC-2B34-43C4-95F2-68374A7B59E4}.Release|x64.Build.0 = Release|Any CPU
		{2C8B83FC-2B34-43C4-95F2-68374A7B59E4}.Release|x86.ActiveCfg = Release|Any CPU
		{2C8B83FC-2B34-43C4-95F2-68374A7B59E4}.Release|x86.Build.0 = Release|Any CPU
		{DDCEC7FC-EA71-46C5-B4C1-7E4C02529CB8}.Debug|Any CPU.ActiveCfg = Debug|Any CPU
		{DDCEC7FC-EA71-46C5-B4C1-7E4C02529CB8}.Debug|Any CPU.Build.0 = Debug|Any CPU
		{DDCEC7FC-EA71-46C5-B4C1-7E4C02529CB8}.Debug|x64.ActiveCfg = Debug|Any CPU
		{DDCEC7FC-EA71-46C5-B4C1-7E4C02529CB8}.Debug|x64.Build.0 = Debug|Any CPU
		{DDCEC7FC-EA71-46C5-B4C1-7E4C02529CB8}.Debug|x86.ActiveCfg = Debug|Any CPU
		{DDCEC7FC-EA71-46C5-B4C1-7E4C02529CB8}.Debug|x86.Build.0 = Debug|Any CPU
		{DDCEC7FC-EA71-46C5-B4C1-7E4C02529CB8}.Release|Any CPU.ActiveCfg = Release|Any CPU
		{DDCEC7FC-EA71-46C5-B4C1-7E4C02529CB8}.Release|Any CPU.Build.0 = Release|Any CPU
		{DDCEC7FC-EA71-46C5-B4C1-7E4C02529CB8}.Release|x64.ActiveCfg = Release|Any CPU
		{DDCEC7FC-EA71-46C5-B4C1-7E4C02529CB8}.Release|x64.Build.0 = Release|Any CPU
		{DDCEC7FC-EA71-46C5-B4C1-7E4C02529CB8}.Release|x86.ActiveCfg = Release|Any CPU
		{DDCEC7FC-EA71-46C5-B4C1-7E4C02529CB8}.Release|x86.Build.0 = Release|Any CPU
	EndGlobalSection
	GlobalSection(SolutionProperties) = preSolution
		HideSolutionNode = FALSE
	EndGlobalSection
	GlobalSection(ExtensibilityGlobals) = postSolution
		SolutionGuid = {20D6B8F0-EEEF-4E88-BC6A-DC1FF10E5AEA}
	EndGlobalSection
	GlobalSection(Performance) = preSolution
		HasPerformanceSessions = true
	EndGlobalSection
	GlobalSection(Performance) = preSolution
		HasPerformanceSessions = true
	EndGlobalSection
EndGlobal
